<?xml version="1.0" encoding="utf-8"?>
<Project ToolsVersion="4.0" xmlns="http://schemas.microsoft.com/developer/msbuild/2003">
  <ItemGroup>
    <Filter Include="Default">
      <UniqueIdentifier>{9e266985-02c5-4ceb-b4ac-4b02231ce417}</UniqueIdentifier>
    </Filter>
    <Filter Include="00.MainGame">
      <UniqueIdentifier>{fce6dbe4-9f5b-4cce-bc8a-f2bcb4e3f7e1}</UniqueIdentifier>
    </Filter>
    <Filter Include="01.Obj">
      <UniqueIdentifier>{6320c1b4-e987-41c9-9611-2ff2f28b3abc}</UniqueIdentifier>
    </Filter>
    <Filter Include="97.Manager">
      <UniqueIdentifier>{f5b2b51a-8008-4ec3-b90c-569759a8f232}</UniqueIdentifier>
    </Filter>
    <Filter Include="98.Pattern">
      <UniqueIdentifier>{35386f8e-0f6f-4809-8afd-6e861c887c51}</UniqueIdentifier>
    </Filter>
    <Filter Include="99.Headers">
      <UniqueIdentifier>{2d27ed68-bff2-4366-ae70-01dcf8b28540}</UniqueIdentifier>
    </Filter>
    <Filter Include="01.Obj\Player">
      <UniqueIdentifier>{2abcc542-88de-42c8-b2fe-44e8b8bb07fb}</UniqueIdentifier>
    </Filter>
    <Filter Include="01.Obj\Monster">
      <UniqueIdentifier>{84e77404-0f60-414a-a4cf-19c3bf6b8f04}</UniqueIdentifier>
    </Filter>
    <Filter Include="01.Obj\Bullet">
      <UniqueIdentifier>{87875eda-cf01-4484-b4c7-1a2cb3f76cbb}</UniqueIdentifier>
    </Filter>
    <Filter Include="01.Obj\Tile">
      <UniqueIdentifier>{05c811fc-6def-44ac-9531-72f7730509ad}</UniqueIdentifier>
    </Filter>
    <Filter Include="01.Obj\Item">
      <UniqueIdentifier>{49b5a6a8-dda6-4ea7-85d2-ea19bd7d391d}</UniqueIdentifier>
    </Filter>
    <Filter Include="01.Obj\BackGround">
      <UniqueIdentifier>{e205c185-81f5-444c-b92f-380cc4e5352c}</UniqueIdentifier>
    </Filter>
    <Filter Include="01.Obj\Item\Coin">
      <UniqueIdentifier>{bcab63e6-e4b0-47be-a3ab-3d4a3a060761}</UniqueIdentifier>
    </Filter>
    <Filter Include="01.Obj\Item\ItemFlower">
      <UniqueIdentifier>{4720d708-43ad-42cd-a4e4-f27070f7d69a}</UniqueIdentifier>
    </Filter>
    <Filter Include="01.Obj\Item\Life_Mushroom">
      <UniqueIdentifier>{2f4013b3-3162-4cf7-a7ff-d4a3fc5e1b20}</UniqueIdentifier>
    </Filter>
    <Filter Include="01.Obj\Item\SizeUp_Mushroom">
      <UniqueIdentifier>{cb760974-2d5d-401a-834f-82f27bb56e79}</UniqueIdentifier>
    </Filter>
    <Filter Include="01.Obj\Monster\Gumba">
      <UniqueIdentifier>{9128f7a5-ecfa-4409-ad16-3ec75ef7fcf2}</UniqueIdentifier>
    </Filter>
    <Filter Include="02.Line">
      <UniqueIdentifier>{ec611790-8405-472d-a9a6-646d51fc8687}</UniqueIdentifier>
    </Filter>
  </ItemGroup>
  <ItemGroup>
    <Text Include="ReadMe.txt" />
  </ItemGroup>
  <ItemGroup>
    <ClInclude Include="Mario.h">
      <Filter>Default</Filter>
    </ClInclude>
    <ClInclude Include="Resource.h">
      <Filter>Default</Filter>
    </ClInclude>
    <ClInclude Include="stdafx.h">
      <Filter>Default</Filter>
    </ClInclude>
    <ClInclude Include="targetver.h">
      <Filter>Default</Filter>
    </ClInclude>
    <ClInclude Include="Extern.h">
      <Filter>99.Headers</Filter>
    </ClInclude>
    <ClInclude Include="Define.h">
      <Filter>99.Headers</Filter>
    </ClInclude>
    <ClInclude Include="Struct.h">
      <Filter>99.Headers</Filter>
    </ClInclude>
    <ClInclude Include="Enum.h">
      <Filter>99.Headers</Filter>
    </ClInclude>
    <ClInclude Include="Typedef.h">
      <Filter>99.Headers</Filter>
    </ClInclude>
    <ClInclude Include="MainGame.h">
      <Filter>00.MainGame</Filter>
    </ClInclude>
    <ClInclude Include="Obj.h">
      <Filter>01.Obj</Filter>
    </ClInclude>
    <ClInclude Include="Monster.h">
      <Filter>01.Obj\Monster</Filter>
    </ClInclude>
    <ClInclude Include="Bullet.h">
      <Filter>01.Obj\Bullet</Filter>
    </ClInclude>
    <ClInclude Include="AbstractFactory.h">
      <Filter>98.Pattern</Filter>
    </ClInclude>
    <ClInclude Include="CollisionMgr.h">
      <Filter>97.Manager</Filter>
    </ClInclude>
    <ClInclude Include="ObjMgr.h">
      <Filter>97.Manager</Filter>
    </ClInclude>
    <ClInclude Include="Player.h">
      <Filter>01.Obj\Player</Filter>
    </ClInclude>
    <ClInclude Include="Tile.h">
      <Filter>01.Obj\Tile</Filter>
    </ClInclude>
    <ClInclude Include="Item.h">
      <Filter>01.Obj\Item</Filter>
    </ClInclude>
    <ClInclude Include="BackGround.h">
      <Filter>01.Obj\BackGround</Filter>
    </ClInclude>
    <ClInclude Include="BackGroundMgr.h">
      <Filter>97.Manager</Filter>
    </ClInclude>
    <ClInclude Include="Coin.h">
      <Filter>01.Obj\Item\Coin</Filter>
    </ClInclude>
    <ClInclude Include="ItemFlower.h">
      <Filter>01.Obj\Item\ItemFlower</Filter>
    </ClInclude>
    <ClInclude Include="Life_Mushroom.h">
      <Filter>01.Obj\Item\Life_Mushroom</Filter>
    </ClInclude>
    <ClInclude Include="SizeUp_Mushroom.h">
      <Filter>01.Obj\Item\SizeUp_Mushroom</Filter>
    </ClInclude>
    <ClInclude Include="Line.h">
      <Filter>02.Line</Filter>
    </ClInclude>
    <ClInclude Include="LineMgr.h">
      <Filter>97.Manager</Filter>
    </ClInclude>
    <ClInclude Include="KeyMgr.h">
      <Filter>97.Manager</Filter>
    </ClInclude>
  </ItemGroup>
  <ItemGroup>
    <ClCompile Include="Mario.cpp">
      <Filter>Default</Filter>
    </ClCompile>
    <ClCompile Include="stdafx.cpp">
      <Filter>Default</Filter>
    </ClCompile>
    <ClCompile Include="Obj.cpp">
      <Filter>01.Obj</Filter>
    </ClCompile>
    <ClCompile Include="MainGame.cpp">
      <Filter>00.MainGame</Filter>
    </ClCompile>
    <ClCompile Include="Bullet.cpp">
      <Filter>01.Obj\Bullet</Filter>
    </ClCompile>
    <ClCompile Include="Item.cpp">
      <Filter>01.Obj\Item</Filter>
    </ClCompile>
    <ClCompile Include="ObjMgr.cpp">
      <Filter>97.Manager</Filter>
    </ClCompile>
    <ClCompile Include="Player.cpp">
      <Filter>01.Obj\Player</Filter>
    </ClCompile>
    <ClCompile Include="Monster.cpp">
      <Filter>01.Obj\Monster</Filter>
    </ClCompile>
    <ClCompile Include="Tile.cpp">
      <Filter>01.Obj\Tile</Filter>
    </ClCompile>
    <ClCompile Include="BackGround.cpp">
      <Filter>01.Obj\BackGround</Filter>
    </ClCompile>
    <ClCompile Include="CollisionMgr.cpp">
      <Filter>97.Manager</Filter>
    </ClCompile>
    <ClCompile Include="BackGroundMgr.cpp">
      <Filter>97.Manager</Filter>
    </ClCompile>
    <ClCompile Include="Coin.cpp">
      <Filter>01.Obj\Item\Coin</Filter>
    </ClCompile>
    <ClCompile Include="ItemFlower.cpp">
      <Filter>01.Obj\Item\ItemFlower</Filter>
    </ClCompile>
    <ClCompile Include="Life_Mushroom.cpp">
      <Filter>01.Obj\Item\Life_Mushroom</Filter>
    </ClCompile>
    <ClCompile Include="SizeUp_Mushroom.cpp">
      <Filter>01.Obj\Item\SizeUp_Mushroom</Filter>
    </ClCompile>
    <ClCompile Include="Line.cpp">
      <Filter>02.Line</Filter>
    </ClCompile>
    <ClCompile Include="KeyMgr.cpp">
      <Filter>97.Manager</Filter>
    </ClCompile>
    <ClCompile Include="LineMgr.cpp">
      <Filter>97.Manager</Filter>
    </ClCompile>
  </ItemGroup>
  <ItemGroup>
    <Image Include="Mario.ico">
      <Filter>Default</Filter>
    </Image>
    <Image Include="small.ico">
      <Filter>Default</Filter>
    </Image>
  </ItemGroup>
  <ItemGroup>
    <ResourceCompile Include="Mario.rc">
      <Filter>Default</Filter>
    </ResourceCompile>
  </ItemGroup>
</Project>